
Microsoft Visual Studio Solution File, Format Version 12.00
# Visual Studio Version 17
VisualStudioVersion = 17.11.35303.130
MinimumVisualStudioVersion = 10.0.40219.1
Project("{FAE04EC0-301F-11D3-BF4B-00C04F79EFBC}") = "HotelMNG", "HotelMNG\HotelMNG.csproj", "{7ED15E1B-562D-4996-BC61-2CA8622DBD64}"
EndProject
Global
	GlobalSection(SolutionConfigurationPlatforms) = preSolution
		Debug|Any CPU = Debug|Any CPU
		Release|Any CPU = Release|Any CPU
	EndGlobalSection
	GlobalSection(ProjectConfigurationPlatforms) = postSolution
		{7ED15E1B-562D-4996-BC61-2CA8622DBD64}.Debug|Any CPU.ActiveCfg = Debug|Any CPU
		{7ED15E1B-562D-4996-BC61-2CA8622DBD64}.Debug|Any CPU.Build.0 = Debug|Any CPU
		{7ED15E1B-562D-4996-BC61-2CA8622DBD64}.Release|Any CPU.ActiveCfg = Release|Any CPU
		{7ED15E1B-562D-4996-BC61-2CA8622DBD64}.Release|Any CPU.Build.0 = Release|Any CPU
	EndGlobalSection
	GlobalSection(SolutionProperties) = preSolution
		HideSolutionNode = FALSE
	EndGlobalSection
	GlobalSection(ExtensibilityGlobals) = postSolution
		SolutionGuid = {E535C22B-7CE3-4AB2-AF9B-5A1C8145B84B}
	EndGlobalSection
EndGlobal
